
Microsoft Visual Studio Solution File, Format Version 12.00
# Visual Studio Version 16
VisualStudioVersion = 16.0.31729.503
MinimumVisualStudioVersion = 10.0.40219.1
Project("{FAE04EC0-301F-11D3-BF4B-00C04F79EFBC}") = "TaskApp", "TaskApp\TaskApp.csproj", "{D9EE7283-4E6A-4137-A382-9581F25C804B}"
EndProject
Project("{FAE04EC0-301F-11D3-BF4B-00C04F79EFBC}") = "ClassLibrary1", "ClassLibrary1\ClassLibrary1.csproj", "{18DBFE83-678F-4B5D-AB8F-82A425980701}"
EndProject
Global
	GlobalSection(SolutionConfigurationPlatforms) = preSolution
		Debug|Any CPU = Debug|Any CPU
		Release|Any CPU = Release|Any CPU
	EndGlobalSection
	GlobalSection(ProjectConfigurationPlatforms) = postSolution
		{D9EE7283-4E6A-4137-A382-9581F25C804B}.Debug|Any CPU.ActiveCfg = Debug|Any CPU
		{D9EE7283-4E6A-4137-A382-9581F25C804B}.Debug|Any CPU.Build.0 = Debug|Any CPU
		{D9EE7283-4E6A-4137-A382-9581F25C804B}.Release|Any CPU.ActiveCfg = Release|Any CPU
		{D9EE7283-4E6A-4137-A382-9581F25C804B}.Release|Any CPU.Build.0 = Release|Any CPU
		{18DBFE83-678F-4B5D-AB8F-82A425980701}.Debug|Any CPU.ActiveCfg = Debug|Any CPU
		{18DBFE83-678F-4B5D-AB8F-82A425980701}.Debug|Any CPU.Build.0 = Debug|Any CPU
		{18DBFE83-678F-4B5D-AB8F-82A425980701}.Release|Any CPU.ActiveCfg = Release|Any CPU
		{18DBFE83-678F-4B5D-AB8F-82A425980701}.Release|Any CPU.Build.0 = Release|Any CPU
	EndGlobalSection
	GlobalSection(SolutionProperties) = preSolution
		HideSolutionNode = FALSE
	EndGlobalSection
	GlobalSection(ExtensibilityGlobals) = postSolution
		SolutionGuid = {20785D76-D175-428C-95E1-3B922C7E174D}
	EndGlobalSection
EndGlobal
